
Microsoft Visual Studio Solution File, Format Version 12.00
# Visual Studio Version 16
VisualStudioVersion = 16.0.30611.23
MinimumVisualStudioVersion = 10.0.40219.1
Project("{FAE04EC0-301F-11D3-BF4B-00C04F79EFBC}") = "UCPPraktikam1", "UCPPraktikam1\UCPPraktikam1.csproj", "{79CF2477-30E0-4DCE-820F-3DCAF7D22DCA}"
EndProject
Global
	GlobalSection(SolutionConfigurationPlatforms) = preSolution
		Debug|Any CPU = Debug|Any CPU
		Release|Any CPU = Release|Any CPU
	EndGlobalSection
	GlobalSection(ProjectConfigurationPlatforms) = postSolution
		{79CF2477-30E0-4DCE-820F-3DCAF7D22DCA}.Debug|Any CPU.ActiveCfg = Debug|Any CPU
		{79CF2477-30E0-4DCE-820F-3DCAF7D22DCA}.Debug|Any CPU.Build.0 = Debug|Any CPU
		{79CF2477-30E0-4DCE-820F-3DCAF7D22DCA}.Release|Any CPU.ActiveCfg = Release|Any CPU
		{79CF2477-30E0-4DCE-820F-3DCAF7D22DCA}.Release|Any CPU.Build.0 = Release|Any CPU
	EndGlobalSection
	GlobalSection(SolutionProperties) = preSolution
		HideSolutionNode = FALSE
	EndGlobalSection
	GlobalSection(ExtensibilityGlobals) = postSolution
		SolutionGuid = {F08B171D-0C40-4FA9-92D9-8A0B68989F8D}
	EndGlobalSection
EndGlobal
